{
  "name": "dummy",
  "lockfileVersion": 2,
  "requires": true,
  "packages": {
    "": {
      "dependencies": {
        "govuk-frontend": "^3.13.1",
        "prismjs": "^1.24.1"
      }
    },
    "node_modules/govuk-frontend": {
      "version": "3.13.1",
      "resolved": "https://registry.npmjs.org/govuk-frontend/-/govuk-frontend-3.13.1.tgz",
      "integrity": "sha512-OlbAVVpJfZ8tEhkScVoNFA+27RUfMDslN4uxtJyASfXwg4QZYHTX8RqmKBbgVJWaybpa5RsYDuRKQNJe3qN8gw==",
      "engines": {
        "node": ">= 4.2.0"
      }
    },
    "node_modules/prismjs": {
      "version": "1.24.1",
      "resolved": "https://registry.npmjs.org/prismjs/-/prismjs-1.24.1.tgz",
      "integrity": "sha512-mNPsedLuk90RVJioIky8ANZEwYm5w9LcvCXrxHlwf4fNVSn8jEipMybMkWUyyF0JhnC+C4VcOVSBuHRKs1L5Ow=="
    }
  },
  "dependencies": {
    "govuk-frontend": {
      "version": "3.13.1",
      "resolved": "https://registry.npmjs.org/govuk-frontend/-/govuk-frontend-3.13.1.tgz",
      "integrity": "sha512-OlbAVVpJfZ8tEhkScVoNFA+27RUfMDslN4uxtJyASfXwg4QZYHTX8RqmKBbgVJWaybpa5RsYDuRKQNJe3qN8gw=="
    },
    "prismjs": {
      "version": "1.24.1",
      "resolved": "https://registry.npmjs.org/prismjs/-/prismjs-1.24.1.tgz",
      "integrity": "sha512-mNPsedLuk90RVJioIky8ANZEwYm5w9LcvCXrxHlwf4fNVSn8jEipMybMkWUyyF0JhnC+C4VcOVSBuHRKs1L5Ow=="
    }
  }
}
