{
  "requires": true,
  "lockfileVersion": 1,
  "dependencies": {
    "govuk-frontend": {
      "version": "4.0.0",
      "resolved": "https://registry.npmjs.org/govuk-frontend/-/govuk-frontend-4.0.0.tgz",
      "integrity": "sha512-liaJildULUNSSvEgDm36SQTivqBHiZLdrm+O7bBxnW4Q1g64asi+mJIMzW8QeOqlG4Yn8s0gSklsIyaFOuCisQ=="
    },
    "prismjs": {
      "version": "1.25.0",
      "resolved": "https://registry.npmjs.org/prismjs/-/prismjs-1.25.0.tgz",
      "integrity": "sha512-WCjJHl1KEWbnkQom1+SzftbtXMKQoezOCYs5rECqMN+jP+apI7ftoflyqigqzopSO3hMhTEb0mFClA8lkolgEg=="
    }
  }
}
