# THIS IS AN AUTOGENERATED FILE. DO NOT EDIT THIS FILE DIRECTLY.
# yarn lockfile v1


govuk-frontend@^3.6.0:
  version "3.6.0"
  resolved "https://registry.yarnpkg.com/govuk-frontend/-/govuk-frontend-3.6.0.tgz#f0d1e6ec3c0eb33616adfdff28ff778fe518d085"
  integrity sha512-wTxufdY8vFvKJ2EmmQKmarrQ7n30kzg+vvqgGib2dawl7c5Wst8dffkEJQpy9Zs99TE/yEEFgj0VUO4GRUO22A==
