{
  "name": "guide",
  "version": "1.0.0",
  "lockfileVersion": 1,
  "requires": true,
  "dependencies": {
    "govuk-frontend": {
      "version": "4.0.1",
      "resolved": "https://registry.npmjs.org/govuk-frontend/-/govuk-frontend-4.0.1.tgz",
      "integrity": "sha512-X+B88mqYHoxAz0ID87Uxo3oHqdKBRnNHd3Cz8+u8nvQUAsrEzROFLK+t7sAu7e+fKqCCrJyIgx6Cmr6dIGnohQ=="
    }
  }
}
